
Microsoft Visual Studio Solution File, Format Version 12.00
# Visual Studio Version 17
VisualStudioVersion = 17.4.33103.184
MinimumVisualStudioVersion = 10.0.40219.1
Project("{FAE04EC0-301F-11D3-BF4B-00C04F79EFBC}") = "LifetimeServices", "LifetimeServices\LifetimeServices.csproj", "{61590AB8-6A7C-45AF-B460-8F18AD90A98E}"
EndProject
Global
	GlobalSection(SolutionConfigurationPlatforms) = preSolution
		Debug|Any CPU = Debug|Any CPU
		Release|Any CPU = Release|Any CPU
	EndGlobalSection
	GlobalSection(ProjectConfigurationPlatforms) = postSolution
		{61590AB8-6A7C-45AF-B460-8F18AD90A98E}.Debug|Any CPU.ActiveCfg = Debug|Any CPU
		{61590AB8-6A7C-45AF-B460-8F18AD90A98E}.Debug|Any CPU.Build.0 = Debug|Any CPU
		{61590AB8-6A7C-45AF-B460-8F18AD90A98E}.Release|Any CPU.ActiveCfg = Release|Any CPU
		{61590AB8-6A7C-45AF-B460-8F18AD90A98E}.Release|Any CPU.Build.0 = Release|Any CPU
	EndGlobalSection
	GlobalSection(SolutionProperties) = preSolution
		HideSolutionNode = FALSE
	EndGlobalSection
	GlobalSection(ExtensibilityGlobals) = postSolution
		SolutionGuid = {96DEE816-7F7F-4EE0-A239-8FBAA10D6371}
	EndGlobalSection
EndGlobal
